
Microsoft Visual Studio Solution File, Format Version 12.00
# Visual Studio Version 16
VisualStudioVersion = 16.0.30323.103
MinimumVisualStudioVersion = 10.0.40219.1
Project("{D954291E-2A0B-460D-934E-DC6B0785DB48}") = "MvvmSample.Shared", "MvvmSample\MvvmSample.Shared\MvvmSample.Shared.shproj", "{6279C845-92F8-4333-AB99-3D213163593C}"
EndProject
Project("{FAE04EC0-301F-11D3-BF4B-00C04F79EFBC}") = "MvvmSample.Droid", "MvvmSample\MvvmSample.Droid\MvvmSample.Droid.csproj", "{17579977-DC58-416C-B1C3-AAAECEEBB41D}"
EndProject
Project("{FAE04EC0-301F-11D3-BF4B-00C04F79EFBC}") = "MvvmSample.iOS", "MvvmSample\MvvmSample.iOS\MvvmSample.iOS.csproj", "{F1606259-0C33-4086-A4A7-F95C73ED46AF}"
EndProject
Project("{FAE04EC0-301F-11D3-BF4B-00C04F79EFBC}") = "MvvmSample.UWP", "MvvmSample\MvvmSample.UWP\MvvmSample.UWP.csproj", "{455221B3-484E-412B-ADB1-D884CCA47383}"
EndProject
Project("{9A19103F-16F7-4668-BE54-9A1E7A4F7556}") = "MvvmSample.Wasm", "MvvmSample\MvvmSample.Wasm\MvvmSample.Wasm.csproj", "{79389D18-22EF-4C88-B0E1-177FCC8400FD}"
EndProject
Project("{FAE04EC0-301F-11D3-BF4B-00C04F79EFBC}") = "MvvmSample.macOS", "MvvmSample\MvvmSample.macOS\MvvmSample.macOS.csproj", "{60704335-4B3D-47D9-8684-BBEE1AC8EE88}"
EndProject
Project("{FAE04EC0-301F-11D3-BF4B-00C04F79EFBC}") = "MvvmSample.Core", "..\MvvmSample.Core\MvvmSample.Core.csproj", "{98CCBE56-376A-409D-93E6-6424337333A7}"
EndProject
Global
	GlobalSection(SharedMSBuildProjectFiles) = preSolution
		MvvmSample\MvvmSample.Shared\MvvmSample.Shared.projitems*{17579977-dc58-416c-b1c3-aaaeceebb41d}*SharedItemsImports = 4
		MvvmSample\MvvmSample.Shared\MvvmSample.Shared.projitems*{455221b3-484e-412b-adb1-d884cca47383}*SharedItemsImports = 4
		MvvmSample\MvvmSample.Shared\MvvmSample.Shared.projitems*{60704335-4b3d-47d9-8684-bbee1ac8ee88}*SharedItemsImports = 4
		MvvmSample\MvvmSample.Shared\MvvmSample.Shared.projitems*{6279c845-92f8-4333-ab99-3d213163593c}*SharedItemsImports = 13
		MvvmSample\MvvmSample.Shared\MvvmSample.Shared.projitems*{79389d18-22ef-4c88-b0e1-177fcc8400fd}*SharedItemsImports = 5
		MvvmSample\MvvmSample.Shared\MvvmSample.Shared.projitems*{f1606259-0c33-4086-a4a7-f95c73ed46af}*SharedItemsImports = 4
	EndGlobalSection
	GlobalSection(SolutionConfigurationPlatforms) = preSolution
		Ad-Hoc|Any CPU = Ad-Hoc|Any CPU
		Ad-Hoc|ARM = Ad-Hoc|ARM
		Ad-Hoc|ARM64 = Ad-Hoc|ARM64
		Ad-Hoc|iPhone = Ad-Hoc|iPhone
		Ad-Hoc|iPhoneSimulator = Ad-Hoc|iPhoneSimulator
		Ad-Hoc|x64 = Ad-Hoc|x64
		Ad-Hoc|x86 = Ad-Hoc|x86
		AppStore|Any CPU = AppStore|Any CPU
		AppStore|ARM = AppStore|ARM
		AppStore|ARM64 = AppStore|ARM64
		AppStore|iPhone = AppStore|iPhone
		AppStore|iPhoneSimulator = AppStore|iPhoneSimulator
		AppStore|x64 = AppStore|x64
		AppStore|x86 = AppStore|x86
		Debug|Any CPU = Debug|Any CPU
		Debug|ARM = Debug|ARM
		Debug|ARM64 = Debug|ARM64
		Debug|iPhone = Debug|iPhone
		Debug|iPhoneSimulator = Debug|iPhoneSimulator
		Debug|x64 = Debug|x64
		Debug|x86 = Debug|x86
		Release|Any CPU = Release|Any CPU
		Release|ARM = Release|ARM
		Release|ARM64 = Release|ARM64
		Release|iPhone = Release|iPhone
		Release|iPhoneSimulator = Release|iPhoneSimulator
		Release|x64 = Release|x64
		Release|x86 = Release|x86
	EndGlobalSection
	GlobalSection(ProjectConfigurationPlatforms) = postSolution
		{17579977-DC58-416C-B1C3-AAAECEEBB41D}.Ad-Hoc|Any CPU.ActiveCfg = Release|Any CPU
		{17579977-DC58-416C-B1C3-AAAECEEBB41D}.Ad-Hoc|Any CPU.Build.0 = Release|Any CPU
		{17579977-DC58-416C-B1C3-AAAECEEBB41D}.Ad-Hoc|Any CPU.Deploy.0 = Release|Any CPU
		{17579977-DC58-416C-B1C3-AAAECEEBB41D}.Ad-Hoc|ARM.ActiveCfg = Release|Any CPU
		{17579977-DC58-416C-B1C3-AAAECEEBB41D}.Ad-Hoc|ARM.Build.0 = Release|Any CPU
		{17579977-DC58-416C-B1C3-AAAECEEBB41D}.Ad-Hoc|ARM.Deploy.0 = Release|Any CPU
		{17579977-DC58-416C-B1C3-AAAECEEBB41D}.Ad-Hoc|ARM64.ActiveCfg = Release|Any CPU
		{17579977-DC58-416C-B1C3-AAAECEEBB41D}.Ad-Hoc|ARM64.Build.0 = Release|Any CPU
		{17579977-DC58-416C-B1C3-AAAECEEBB41D}.Ad-Hoc|ARM64.Deploy.0 = Release|Any CPU
		{17579977-DC58-416C-B1C3-AAAECEEBB41D}.Ad-Hoc|iPhone.ActiveCfg = Release|Any CPU
		{17579977-DC58-416C-B1C3-AAAECEEBB41D}.Ad-Hoc|iPhone.Build.0 = Release|Any CPU
		{17579977-DC58-416C-B1C3-AAAECEEBB41D}.Ad-Hoc|iPhone.Deploy.0 = Release|Any CPU
		{17579977-DC58-416C-B1C3-AAAECEEBB41D}.Ad-Hoc|iPhoneSimulator.ActiveCfg = Release|Any CPU
		{17579977-DC58-416C-B1C3-AAAECEEBB41D}.Ad-Hoc|iPhoneSimulator.Build.0 = Release|Any CPU
		{17579977-DC58-416C-B1C3-AAAECEEBB41D}.Ad-Hoc|iPhoneSimulator.Deploy.0 = Release|Any CPU
		{17579977-DC58-416C-B1C3-AAAECEEBB41D}.Ad-Hoc|x64.ActiveCfg = Release|Any CPU
		{17579977-DC58-416C-B1C3-AAAECEEBB41D}.Ad-Hoc|x64.Build.0 = Release|Any CPU
		{17579977-DC58-416C-B1C3-AAAECEEBB41D}.Ad-Hoc|x64.Deploy.0 = Release|Any CPU
		{17579977-DC58-416C-B1C3-AAAECEEBB41D}.Ad-Hoc|x86.ActiveCfg = Release|Any CPU
		{17579977-DC58-416C-B1C3-AAAECEEBB41D}.Ad-Hoc|x86.Build.0 = Release|Any CPU
		{17579977-DC58-416C-B1C3-AAAECEEBB41D}.Ad-Hoc|x86.Deploy.0 = Release|Any CPU
		{17579977-DC58-416C-B1C3-AAAECEEBB41D}.AppStore|Any CPU.ActiveCfg = Release|Any CPU
		{17579977-DC58-416C-B1C3-AAAECEEBB41D}.AppStore|Any CPU.Build.0 = Release|Any CPU
		{17579977-DC58-416C-B1C3-AAAECEEBB41D}.AppStore|Any CPU.Deploy.0 = Release|Any CPU
		{17579977-DC58-416C-B1C3-AAAECEEBB41D}.AppStore|ARM.ActiveCfg = Release|Any CPU
		{17579977-DC58-416C-B1C3-AAAECEEBB41D}.AppStore|ARM.Build.0 = Release|Any CPU
		{17579977-DC58-416C-B1C3-AAAECEEBB41D}.AppStore|ARM.Deploy.0 = Release|Any CPU
		{17579977-DC58-416C-B1C3-AAAECEEBB41D}.AppStore|ARM64.ActiveCfg = Release|Any CPU
		{17579977-DC58-416C-B1C3-AAAECEEBB41D}.AppStore|ARM64.Build.0 = Release|Any CPU
		{17579977-DC58-416C-B1C3-AAAECEEBB41D}.AppStore|ARM64.Deploy.0 = Release|Any CPU
		{17579977-DC58-416C-B1C3-AAAECEEBB41D}.AppStore|iPhone.ActiveCfg = Release|Any CPU
		{17579977-DC58-416C-B1C3-AAAECEEBB41D}.AppStore|iPhone.Build.0 = Release|Any CPU
		{17579977-DC58-416C-B1C3-AAAECEEBB41D}.AppStore|iPhone.Deploy.0 = Release|Any CPU
		{17579977-DC58-416C-B1C3-AAAECEEBB41D}.AppStore|iPhoneSimulator.ActiveCfg = Release|Any CPU
		{17579977-DC58-416C-B1C3-AAAECEEBB41D}.AppStore|iPhoneSimulator.Build.0 = Release|Any CPU
		{17579977-DC58-416C-B1C3-AAAECEEBB41D}.AppStore|iPhoneSimulator.Deploy.0 = Release|Any CPU
		{17579977-DC58-416C-B1C3-AAAECEEBB41D}.AppStore|x64.ActiveCfg = Release|Any CPU
		{17579977-DC58-416C-B1C3-AAAECEEBB41D}.AppStore|x64.Build.0 = Release|Any CPU
		{17579977-DC58-416C-B1C3-AAAECEEBB41D}.AppStore|x64.Deploy.0 = Release|Any CPU
		{17579977-DC58-416C-B1C3-AAAECEEBB41D}.AppStore|x86.ActiveCfg = Release|Any CPU
		{17579977-DC58-416C-B1C3-AAAECEEBB41D}.AppStore|x86.Build.0 = Release|Any CPU
		{17579977-DC58-416C-B1C3-AAAECEEBB41D}.AppStore|x86.Deploy.0 = Release|Any CPU
		{17579977-DC58-416C-B1C3-AAAECEEBB41D}.Debug|Any CPU.ActiveCfg = Debug|Any CPU
		{17579977-DC58-416C-B1C3-AAAECEEBB41D}.Debug|Any CPU.Build.0 = Debug|Any CPU
		{17579977-DC58-416C-B1C3-AAAECEEBB41D}.Debug|Any CPU.Deploy.0 = Debug|Any CPU
		{17579977-DC58-416C-B1C3-AAAECEEBB41D}.Debug|ARM.ActiveCfg = Debug|Any CPU
		{17579977-DC58-416C-B1C3-AAAECEEBB41D}.Debug|ARM.Build.0 = Debug|Any CPU
		{17579977-DC58-416C-B1C3-AAAECEEBB41D}.Debug|ARM.Deploy.0 = Debug|Any CPU
		{17579977-DC58-416C-B1C3-AAAECEEBB41D}.Debug|ARM64.ActiveCfg = Debug|Any CPU
		{17579977-DC58-416C-B1C3-AAAECEEBB41D}.Debug|ARM64.Build.0 = Debug|Any CPU
		{17579977-DC58-416C-B1C3-AAAECEEBB41D}.Debug|ARM64.Deploy.0 = Debug|Any CPU
		{17579977-DC58-416C-B1C3-AAAECEEBB41D}.Debug|iPhone.ActiveCfg = Debug|Any CPU
		{17579977-DC58-416C-B1C3-AAAECEEBB41D}.Debug|iPhone.Build.0 = Debug|Any CPU
		{17579977-DC58-416C-B1C3-AAAECEEBB41D}.Debug|iPhone.Deploy.0 = Debug|Any CPU
		{17579977-DC58-416C-B1C3-AAAECEEBB41D}.Debug|iPhoneSimulator.ActiveCfg = Debug|Any CPU
		{17579977-DC58-416C-B1C3-AAAECEEBB41D}.Debug|iPhoneSimulator.Build.0 = Debug|Any CPU
		{17579977-DC58-416C-B1C3-AAAECEEBB41D}.Debug|iPhoneSimulator.Deploy.0 = Debug|Any CPU
		{17579977-DC58-416C-B1C3-AAAECEEBB41D}.Debug|x64.ActiveCfg = Debug|Any CPU
		{17579977-DC58-416C-B1C3-AAAECEEBB41D}.Debug|x64.Build.0 = Debug|Any CPU
		{17579977-DC58-416C-B1C3-AAAECEEBB41D}.Debug|x64.Deploy.0 = Debug|Any CPU
		{17579977-DC58-416C-B1C3-AAAECEEBB41D}.Debug|x86.ActiveCfg = Debug|Any CPU
		{17579977-DC58-416C-B1C3-AAAECEEBB41D}.Debug|x86.Build.0 = Debug|Any CPU
		{17579977-DC58-416C-B1C3-AAAECEEBB41D}.Debug|x86.Deploy.0 = Debug|Any CPU
		{17579977-DC58-416C-B1C3-AAAECEEBB41D}.Release|Any CPU.ActiveCfg = Release|Any CPU
		{17579977-DC58-416C-B1C3-AAAECEEBB41D}.Release|Any CPU.Build.0 = Release|Any CPU
		{17579977-DC58-416C-B1C3-AAAECEEBB41D}.Release|Any CPU.Deploy.0 = Release|Any CPU
		{17579977-DC58-416C-B1C3-AAAECEEBB41D}.Release|ARM.ActiveCfg = Release|Any CPU
		{17579977-DC58-416C-B1C3-AAAECEEBB41D}.Release|ARM.Build.0 = Release|Any CPU
		{17579977-DC58-416C-B1C3-AAAECEEBB41D}.Release|ARM.Deploy.0 = Release|Any CPU
		{17579977-DC58-416C-B1C3-AAAECEEBB41D}.Release|ARM64.ActiveCfg = Release|Any CPU
		{17579977-DC58-416C-B1C3-AAAECEEBB41D}.Release|ARM64.Build.0 = Release|Any CPU
		{17579977-DC58-416C-B1C3-AAAECEEBB41D}.Release|ARM64.Deploy.0 = Release|Any CPU
		{17579977-DC58-416C-B1C3-AAAECEEBB41D}.Release|iPhone.ActiveCfg = Release|Any CPU
		{17579977-DC58-416C-B1C3-AAAECEEBB41D}.Release|iPhone.Build.0 = Release|Any CPU
		{17579977-DC58-416C-B1C3-AAAECEEBB41D}.Release|iPhone.Deploy.0 = Release|Any CPU
		{17579977-DC58-416C-B1C3-AAAECEEBB41D}.Release|iPhoneSimulator.ActiveCfg = Release|Any CPU
		{17579977-DC58-416C-B1C3-AAAECEEBB41D}.Release|iPhoneSimulator.Build.0 = Release|Any CPU
		{17579977-DC58-416C-B1C3-AAAECEEBB41D}.Release|iPhoneSimulator.Deploy.0 = Release|Any CPU
		{17579977-DC58-416C-B1C3-AAAECEEBB41D}.Release|x64.ActiveCfg = Release|Any CPU
		{17579977-DC58-416C-B1C3-AAAECEEBB41D}.Release|x64.Build.0 = Release|Any CPU
		{17579977-DC58-416C-B1C3-AAAECEEBB41D}.Release|x64.Deploy.0 = Release|Any CPU
		{17579977-DC58-416C-B1C3-AAAECEEBB41D}.Release|x86.ActiveCfg = Release|Any CPU
		{17579977-DC58-416C-B1C3-AAAECEEBB41D}.Release|x86.Build.0 = Release|Any CPU
		{17579977-DC58-416C-B1C3-AAAECEEBB41D}.Release|x86.Deploy.0 = Release|Any CPU
		{F1606259-0C33-4086-A4A7-F95C73ED46AF}.Ad-Hoc|Any CPU.ActiveCfg = Ad-Hoc|iPhone
		{F1606259-0C33-4086-A4A7-F95C73ED46AF}.Ad-Hoc|ARM.ActiveCfg = Ad-Hoc|iPhone
		{F1606259-0C33-4086-A4A7-F95C73ED46AF}.Ad-Hoc|ARM64.ActiveCfg = Ad-Hoc|iPhone
		{F1606259-0C33-4086-A4A7-F95C73ED46AF}.Ad-Hoc|iPhone.ActiveCfg = Ad-Hoc|iPhone
		{F1606259-0C33-4086-A4A7-F95C73ED46AF}.Ad-Hoc|iPhone.Build.0 = Ad-Hoc|iPhone
		{F1606259-0C33-4086-A4A7-F95C73ED46AF}.Ad-Hoc|iPhoneSimulator.ActiveCfg = Ad-Hoc|iPhoneSimulator
		{F1606259-0C33-4086-A4A7-F95C73ED46AF}.Ad-Hoc|iPhoneSimulator.Build.0 = Ad-Hoc|iPhoneSimulator
		{F1606259-0C33-4086-A4A7-F95C73ED46AF}.Ad-Hoc|x64.ActiveCfg = Ad-Hoc|iPhone
		{F1606259-0C33-4086-A4A7-F95C73ED46AF}.Ad-Hoc|x86.ActiveCfg = Ad-Hoc|iPhone
		{F1606259-0C33-4086-A4A7-F95C73ED46AF}.AppStore|Any CPU.ActiveCfg = AppStore|iPhone
		{F1606259-0C33-4086-A4A7-F95C73ED46AF}.AppStore|ARM.ActiveCfg = AppStore|iPhone
		{F1606259-0C33-4086-A4A7-F95C73ED46AF}.AppStore|ARM64.ActiveCfg = AppStore|iPhone
		{F1606259-0C33-4086-A4A7-F95C73ED46AF}.AppStore|iPhone.ActiveCfg = AppStore|iPhone
		{F1606259-0C33-4086-A4A7-F95C73ED46AF}.AppStore|iPhone.Build.0 = AppStore|iPhone
		{F1606259-0C33-4086-A4A7-F95C73ED46AF}.AppStore|iPhoneSimulator.ActiveCfg = AppStore|iPhoneSimulator
		{F1606259-0C33-4086-A4A7-F95C73ED46AF}.AppStore|iPhoneSimulator.Build.0 = AppStore|iPhoneSimulator
		{F1606259-0C33-4086-A4A7-F95C73ED46AF}.AppStore|x64.ActiveCfg = AppStore|iPhone
		{F1606259-0C33-4086-A4A7-F95C73ED46AF}.AppStore|x86.ActiveCfg = AppStore|iPhone
		{F1606259-0C33-4086-A4A7-F95C73ED46AF}.Debug|Any CPU.ActiveCfg = Debug|iPhone
		{F1606259-0C33-4086-A4A7-F95C73ED46AF}.Debug|ARM.ActiveCfg = Debug|iPhone
		{F1606259-0C33-4086-A4A7-F95C73ED46AF}.Debug|ARM64.ActiveCfg = Debug|iPhone
		{F1606259-0C33-4086-A4A7-F95C73ED46AF}.Debug|iPhone.ActiveCfg = Debug|iPhone
		{F1606259-0C33-4086-A4A7-F95C73ED46AF}.Debug|iPhone.Build.0 = Debug|iPhone
		{F1606259-0C33-4086-A4A7-F95C73ED46AF}.Debug|iPhoneSimulator.ActiveCfg = Debug|iPhoneSimulator
		{F1606259-0C33-4086-A4A7-F95C73ED46AF}.Debug|iPhoneSimulator.Build.0 = Debug|iPhoneSimulator
		{F1606259-0C33-4086-A4A7-F95C73ED46AF}.Debug|x64.ActiveCfg = Debug|iPhone
		{F1606259-0C33-4086-A4A7-F95C73ED46AF}.Debug|x86.ActiveCfg = Debug|iPhone
		{F1606259-0C33-4086-A4A7-F95C73ED46AF}.Release|Any CPU.ActiveCfg = Release|iPhone
		{F1606259-0C33-4086-A4A7-F95C73ED46AF}.Release|ARM.ActiveCfg = Release|iPhone
		{F1606259-0C33-4086-A4A7-F95C73ED46AF}.Release|ARM64.ActiveCfg = Release|iPhone
		{F1606259-0C33-4086-A4A7-F95C73ED46AF}.Release|iPhone.ActiveCfg = Release|iPhone
		{F1606259-0C33-4086-A4A7-F95C73ED46AF}.Release|iPhone.Build.0 = Release|iPhone
		{F1606259-0C33-4086-A4A7-F95C73ED46AF}.Release|iPhoneSimulator.ActiveCfg = Release|iPhoneSimulator
		{F1606259-0C33-4086-A4A7-F95C73ED46AF}.Release|iPhoneSimulator.Build.0 = Release|iPhoneSimulator
		{F1606259-0C33-4086-A4A7-F95C73ED46AF}.Release|x64.ActiveCfg = Release|iPhone
		{F1606259-0C33-4086-A4A7-F95C73ED46AF}.Release|x86.ActiveCfg = Release|iPhone
		{455221B3-484E-412B-ADB1-D884CCA47383}.Ad-Hoc|Any CPU.ActiveCfg = Release|x64
		{455221B3-484E-412B-ADB1-D884CCA47383}.Ad-Hoc|Any CPU.Build.0 = Release|x64
		{455221B3-484E-412B-ADB1-D884CCA47383}.Ad-Hoc|Any CPU.Deploy.0 = Release|x64
		{455221B3-484E-412B-ADB1-D884CCA47383}.Ad-Hoc|ARM.ActiveCfg = Release|ARM
		{455221B3-484E-412B-ADB1-D884CCA47383}.Ad-Hoc|ARM.Build.0 = Release|ARM
		{455221B3-484E-412B-ADB1-D884CCA47383}.Ad-Hoc|ARM.Deploy.0 = Release|ARM
		{455221B3-484E-412B-ADB1-D884CCA47383}.Ad-Hoc|ARM64.ActiveCfg = Release|ARM64
		{455221B3-484E-412B-ADB1-D884CCA47383}.Ad-Hoc|ARM64.Build.0 = Release|ARM64
		{455221B3-484E-412B-ADB1-D884CCA47383}.Ad-Hoc|ARM64.Deploy.0 = Release|ARM64
		{455221B3-484E-412B-ADB1-D884CCA47383}.Ad-Hoc|iPhone.ActiveCfg = Release|x64
		{455221B3-484E-412B-ADB1-D884CCA47383}.Ad-Hoc|iPhone.Build.0 = Release|x64
		{455221B3-484E-412B-ADB1-D884CCA47383}.Ad-Hoc|iPhone.Deploy.0 = Release|x64
		{455221B3-484E-412B-ADB1-D884CCA47383}.Ad-Hoc|iPhoneSimulator.ActiveCfg = Release|x64
		{455221B3-484E-412B-ADB1-D884CCA47383}.Ad-Hoc|iPhoneSimulator.Build.0 = Release|x64
		{455221B3-484E-412B-ADB1-D884CCA47383}.Ad-Hoc|iPhoneSimulator.Deploy.0 = Release|x64
		{455221B3-484E-412B-ADB1-D884CCA47383}.Ad-Hoc|x64.ActiveCfg = Release|x64
		{455221B3-484E-412B-ADB1-D884CCA47383}.Ad-Hoc|x64.Build.0 = Release|x64
		{455221B3-484E-412B-ADB1-D884CCA47383}.Ad-Hoc|x64.Deploy.0 = Release|x64
		{455221B3-484E-412B-ADB1-D884CCA47383}.Ad-Hoc|x86.ActiveCfg = Release|x86
		{455221B3-484E-412B-ADB1-D884CCA47383}.Ad-Hoc|x86.Build.0 = Release|x86
		{455221B3-484E-412B-ADB1-D884CCA47383}.Ad-Hoc|x86.Deploy.0 = Release|x86
		{455221B3-484E-412B-ADB1-D884CCA47383}.AppStore|Any CPU.ActiveCfg = Release|x64
		{455221B3-484E-412B-ADB1-D884CCA47383}.AppStore|Any CPU.Build.0 = Release|x64
		{455221B3-484E-412B-ADB1-D884CCA47383}.AppStore|Any CPU.Deploy.0 = Release|x64
		{455221B3-484E-412B-ADB1-D884CCA47383}.AppStore|ARM.ActiveCfg = Release|ARM
		{455221B3-484E-412B-ADB1-D884CCA47383}.AppStore|ARM.Build.0 = Release|ARM
		{455221B3-484E-412B-ADB1-D884CCA47383}.AppStore|ARM.Deploy.0 = Release|ARM
		{455221B3-484E-412B-ADB1-D884CCA47383}.AppStore|ARM64.ActiveCfg = Release|ARM64
		{455221B3-484E-412B-ADB1-D884CCA47383}.AppStore|ARM64.Build.0 = Release|ARM64
		{455221B3-484E-412B-ADB1-D884CCA47383}.AppStore|ARM64.Deploy.0 = Release|ARM64
		{455221B3-484E-412B-ADB1-D884CCA47383}.AppStore|iPhone.ActiveCfg = Release|x64
		{455221B3-484E-412B-ADB1-D884CCA47383}.AppStore|iPhone.Build.0 = Release|x64
		{455221B3-484E-412B-ADB1-D884CCA47383}.AppStore|iPhone.Deploy.0 = Release|x64
		{455221B3-484E-412B-ADB1-D884CCA47383}.AppStore|iPhoneSimulator.ActiveCfg = Release|x64
		{455221B3-484E-412B-ADB1-D884CCA47383}.AppStore|iPhoneSimulator.Build.0 = Release|x64
		{455221B3-484E-412B-ADB1-D884CCA47383}.AppStore|iPhoneSimulator.Deploy.0 = Release|x64
		{455221B3-484E-412B-ADB1-D884CCA47383}.AppStore|x64.ActiveCfg = Release|x64
		{455221B3-484E-412B-ADB1-D884CCA47383}.AppStore|x64.Build.0 = Release|x64
		{455221B3-484E-412B-ADB1-D884CCA47383}.AppStore|x64.Deploy.0 = Release|x64
		{455221B3-484E-412B-ADB1-D884CCA47383}.AppStore|x86.ActiveCfg = Release|x86
		{455221B3-484E-412B-ADB1-D884CCA47383}.AppStore|x86.Build.0 = Release|x86
		{455221B3-484E-412B-ADB1-D884CCA47383}.AppStore|x86.Deploy.0 = Release|x86
		{455221B3-484E-412B-ADB1-D884CCA47383}.Debug|Any CPU.ActiveCfg = Debug|x64
		{455221B3-484E-412B-ADB1-D884CCA47383}.Debug|Any CPU.Build.0 = Debug|x64
		{455221B3-484E-412B-ADB1-D884CCA47383}.Debug|Any CPU.Deploy.0 = Debug|x64
		{455221B3-484E-412B-ADB1-D884CCA47383}.Debug|ARM.ActiveCfg = Debug|ARM
		{455221B3-484E-412B-ADB1-D884CCA47383}.Debug|ARM.Build.0 = Debug|ARM
		{455221B3-484E-412B-ADB1-D884CCA47383}.Debug|ARM.Deploy.0 = Debug|ARM
		{455221B3-484E-412B-ADB1-D884CCA47383}.Debug|ARM64.ActiveCfg = Debug|ARM64
		{455221B3-484E-412B-ADB1-D884CCA47383}.Debug|ARM64.Build.0 = Debug|ARM64
		{455221B3-484E-412B-ADB1-D884CCA47383}.Debug|ARM64.Deploy.0 = Debug|ARM64
		{455221B3-484E-412B-ADB1-D884CCA47383}.Debug|iPhone.ActiveCfg = Debug|x86
		{455221B3-484E-412B-ADB1-D884CCA47383}.Debug|iPhoneSimulator.ActiveCfg = Debug|x86
		{455221B3-484E-412B-ADB1-D884CCA47383}.Debug|x64.ActiveCfg = Debug|x64
		{455221B3-484E-412B-ADB1-D884CCA47383}.Debug|x64.Build.0 = Debug|x64
		{455221B3-484E-412B-ADB1-D884CCA47383}.Debug|x64.Deploy.0 = Debug|x64
		{455221B3-484E-412B-ADB1-D884CCA47383}.Debug|x86.ActiveCfg = Debug|x86
		{455221B3-484E-412B-ADB1-D884CCA47383}.Debug|x86.Build.0 = Debug|x86
		{455221B3-484E-412B-ADB1-D884CCA47383}.Debug|x86.Deploy.0 = Debug|x86
		{455221B3-484E-412B-ADB1-D884CCA47383}.Release|Any CPU.ActiveCfg = Release|x86
		{455221B3-484E-412B-ADB1-D884CCA47383}.Release|ARM.ActiveCfg = Release|ARM
		{455221B3-484E-412B-ADB1-D884CCA47383}.Release|ARM.Build.0 = Release|ARM
		{455221B3-484E-412B-ADB1-D884CCA47383}.Release|ARM.Deploy.0 = Release|ARM
		{455221B3-484E-412B-ADB1-D884CCA47383}.Release|ARM64.ActiveCfg = Release|ARM64
		{455221B3-484E-412B-ADB1-D884CCA47383}.Release|ARM64.Build.0 = Release|ARM64
		{455221B3-484E-412B-ADB1-D884CCA47383}.Release|ARM64.Deploy.0 = Release|ARM64
		{455221B3-484E-412B-ADB1-D884CCA47383}.Release|iPhone.ActiveCfg = Release|x86
		{455221B3-484E-412B-ADB1-D884CCA47383}.Release|iPhoneSimulator.ActiveCfg = Release|x86
		{455221B3-484E-412B-ADB1-D884CCA47383}.Release|x64.ActiveCfg = Release|x64
		{455221B3-484E-412B-ADB1-D884CCA47383}.Release|x64.Build.0 = Release|x64
		{455221B3-484E-412B-ADB1-D884CCA47383}.Release|x64.Deploy.0 = Release|x64
		{455221B3-484E-412B-ADB1-D884CCA47383}.Release|x86.ActiveCfg = Release|x86
		{455221B3-484E-412B-ADB1-D884CCA47383}.Release|x86.Build.0 = Release|x86
		{455221B3-484E-412B-ADB1-D884CCA47383}.Release|x86.Deploy.0 = Release|x86
		{79389D18-22EF-4C88-B0E1-177FCC8400FD}.Ad-Hoc|Any CPU.ActiveCfg = Debug|Any CPU
		{79389D18-22EF-4C88-B0E1-177FCC8400FD}.Ad-Hoc|Any CPU.Build.0 = Debug|Any CPU
		{79389D18-22EF-4C88-B0E1-177FCC8400FD}.Ad-Hoc|ARM.ActiveCfg = Debug|Any CPU
		{79389D18-22EF-4C88-B0E1-177FCC8400FD}.Ad-Hoc|ARM.Build.0 = Debug|Any CPU
		{79389D18-22EF-4C88-B0E1-177FCC8400FD}.Ad-Hoc|ARM64.ActiveCfg = Debug|Any CPU
		{79389D18-22EF-4C88-B0E1-177FCC8400FD}.Ad-Hoc|ARM64.Build.0 = Debug|Any CPU
		{79389D18-22EF-4C88-B0E1-177FCC8400FD}.Ad-Hoc|iPhone.ActiveCfg = Debug|Any CPU
		{79389D18-22EF-4C88-B0E1-177FCC8400FD}.Ad-Hoc|iPhone.Build.0 = Debug|Any CPU
		{79389D18-22EF-4C88-B0E1-177FCC8400FD}.Ad-Hoc|iPhoneSimulator.ActiveCfg = Debug|Any CPU
		{79389D18-22EF-4C88-B0E1-177FCC8400FD}.Ad-Hoc|iPhoneSimulator.Build.0 = Debug|Any CPU
		{79389D18-22EF-4C88-B0E1-177FCC8400FD}.Ad-Hoc|x64.ActiveCfg = Debug|Any CPU
		{79389D18-22EF-4C88-B0E1-177FCC8400FD}.Ad-Hoc|x64.Build.0 = Debug|Any CPU
		{79389D18-22EF-4C88-B0E1-177FCC8400FD}.Ad-Hoc|x86.ActiveCfg = Debug|Any CPU
		{79389D18-22EF-4C88-B0E1-177FCC8400FD}.Ad-Hoc|x86.Build.0 = Debug|Any CPU
		{79389D18-22EF-4C88-B0E1-177FCC8400FD}.AppStore|Any CPU.ActiveCfg = Debug|Any CPU
		{79389D18-22EF-4C88-B0E1-177FCC8400FD}.AppStore|Any CPU.Build.0 = Debug|Any CPU
		{79389D18-22EF-4C88-B0E1-177FCC8400FD}.AppStore|ARM.ActiveCfg = Debug|Any CPU
		{79389D18-22EF-4C88-B0E1-177FCC8400FD}.AppStore|ARM.Build.0 = Debug|Any CPU
		{79389D18-22EF-4C88-B0E1-177FCC8400FD}.AppStore|ARM64.ActiveCfg = Debug|Any CPU
		{79389D18-22EF-4C88-B0E1-177FCC8400FD}.AppStore|ARM64.Build.0 = Debug|Any CPU
		{79389D18-22EF-4C88-B0E1-177FCC8400FD}.AppStore|iPhone.ActiveCfg = Debug|Any CPU
		{79389D18-22EF-4C88-B0E1-177FCC8400FD}.AppStore|iPhone.Build.0 = Debug|Any CPU
		{79389D18-22EF-4C88-B0E1-177FCC8400FD}.AppStore|iPhoneSimulator.ActiveCfg = Debug|Any CPU
		{79389D18-22EF-4C88-B0E1-177FCC8400FD}.AppStore|iPhoneSimulator.Build.0 = Debug|Any CPU
		{79389D18-22EF-4C88-B0E1-177FCC8400FD}.AppStore|x64.ActiveCfg = Debug|Any CPU
		{79389D18-22EF-4C88-B0E1-177FCC8400FD}.AppStore|x64.Build.0 = Debug|Any CPU
		{79389D18-22EF-4C88-B0E1-177FCC8400FD}.AppStore|x86.ActiveCfg = Debug|Any CPU
		{79389D18-22EF-4C88-B0E1-177FCC8400FD}.AppStore|x86.Build.0 = Debug|Any CPU
		{79389D18-22EF-4C88-B0E1-177FCC8400FD}.Debug|Any CPU.ActiveCfg = Debug|Any CPU
		{79389D18-22EF-4C88-B0E1-177FCC8400FD}.Debug|Any CPU.Build.0 = Debug|Any CPU
		{79389D18-22EF-4C88-B0E1-177FCC8400FD}.Debug|ARM.ActiveCfg = Debug|Any CPU
		{79389D18-22EF-4C88-B0E1-177FCC8400FD}.Debug|ARM.Build.0 = Debug|Any CPU
		{79389D18-22EF-4C88-B0E1-177FCC8400FD}.Debug|ARM64.ActiveCfg = Debug|Any CPU
		{79389D18-22EF-4C88-B0E1-177FCC8400FD}.Debug|ARM64.Build.0 = Debug|Any CPU
		{79389D18-22EF-4C88-B0E1-177FCC8400FD}.Debug|iPhone.ActiveCfg = Debug|Any CPU
		{79389D18-22EF-4C88-B0E1-177FCC8400FD}.Debug|iPhone.Build.0 = Debug|Any CPU
		{79389D18-22EF-4C88-B0E1-177FCC8400FD}.Debug|iPhoneSimulator.ActiveCfg = Debug|Any CPU
		{79389D18-22EF-4C88-B0E1-177FCC8400FD}.Debug|iPhoneSimulator.Build.0 = Debug|Any CPU
		{79389D18-22EF-4C88-B0E1-177FCC8400FD}.Debug|x64.ActiveCfg = Debug|Any CPU
		{79389D18-22EF-4C88-B0E1-177FCC8400FD}.Debug|x64.Build.0 = Debug|Any CPU
		{79389D18-22EF-4C88-B0E1-177FCC8400FD}.Debug|x86.ActiveCfg = Debug|Any CPU
		{79389D18-22EF-4C88-B0E1-177FCC8400FD}.Debug|x86.Build.0 = Debug|Any CPU
		{79389D18-22EF-4C88-B0E1-177FCC8400FD}.Release|Any CPU.ActiveCfg = Release|Any CPU
		{79389D18-22EF-4C88-B0E1-177FCC8400FD}.Release|Any CPU.Build.0 = Release|Any CPU
		{79389D18-22EF-4C88-B0E1-177FCC8400FD}.Release|ARM.ActiveCfg = Release|Any CPU
		{79389D18-22EF-4C88-B0E1-177FCC8400FD}.Release|ARM.Build.0 = Release|Any CPU
		{79389D18-22EF-4C88-B0E1-177FCC8400FD}.Release|ARM64.ActiveCfg = Release|Any CPU
		{79389D18-22EF-4C88-B0E1-177FCC8400FD}.Release|ARM64.Build.0 = Release|Any CPU
		{79389D18-22EF-4C88-B0E1-177FCC8400FD}.Release|iPhone.ActiveCfg = Release|Any CPU
		{79389D18-22EF-4C88-B0E1-177FCC8400FD}.Release|iPhone.Build.0 = Release|Any CPU
		{79389D18-22EF-4C88-B0E1-177FCC8400FD}.Release|iPhoneSimulator.ActiveCfg = Release|Any CPU
		{79389D18-22EF-4C88-B0E1-177FCC8400FD}.Release|iPhoneSimulator.Build.0 = Release|Any CPU
		{79389D18-22EF-4C88-B0E1-177FCC8400FD}.Release|x64.ActiveCfg = Release|Any CPU
		{79389D18-22EF-4C88-B0E1-177FCC8400FD}.Release|x64.Build.0 = Release|Any CPU
		{79389D18-22EF-4C88-B0E1-177FCC8400FD}.Release|x86.ActiveCfg = Release|Any CPU
		{79389D18-22EF-4C88-B0E1-177FCC8400FD}.Release|x86.Build.0 = Release|Any CPU
		{60704335-4B3D-47D9-8684-BBEE1AC8EE88}.Ad-Hoc|Any CPU.ActiveCfg = Release|iPhoneSimulator
		{60704335-4B3D-47D9-8684-BBEE1AC8EE88}.Ad-Hoc|Any CPU.Build.0 = Release|iPhoneSimulator
		{60704335-4B3D-47D9-8684-BBEE1AC8EE88}.Ad-Hoc|ARM.ActiveCfg = Release|iPhoneSimulator
		{60704335-4B3D-47D9-8684-BBEE1AC8EE88}.Ad-Hoc|ARM.Build.0 = Release|iPhoneSimulator
		{60704335-4B3D-47D9-8684-BBEE1AC8EE88}.Ad-Hoc|ARM64.ActiveCfg = Release|iPhoneSimulator
		{60704335-4B3D-47D9-8684-BBEE1AC8EE88}.Ad-Hoc|ARM64.Build.0 = Release|iPhoneSimulator
		{60704335-4B3D-47D9-8684-BBEE1AC8EE88}.Ad-Hoc|iPhone.ActiveCfg = Release|iPhoneSimulator
		{60704335-4B3D-47D9-8684-BBEE1AC8EE88}.Ad-Hoc|iPhone.Build.0 = Release|iPhoneSimulator
		{60704335-4B3D-47D9-8684-BBEE1AC8EE88}.Ad-Hoc|iPhoneSimulator.ActiveCfg = Release|iPhoneSimulator
		{60704335-4B3D-47D9-8684-BBEE1AC8EE88}.Ad-Hoc|iPhoneSimulator.Build.0 = Release|iPhoneSimulator
		{60704335-4B3D-47D9-8684-BBEE1AC8EE88}.Ad-Hoc|x64.ActiveCfg = Release|iPhoneSimulator
		{60704335-4B3D-47D9-8684-BBEE1AC8EE88}.Ad-Hoc|x64.Build.0 = Release|iPhoneSimulator
		{60704335-4B3D-47D9-8684-BBEE1AC8EE88}.Ad-Hoc|x86.ActiveCfg = Release|iPhoneSimulator
		{60704335-4B3D-47D9-8684-BBEE1AC8EE88}.Ad-Hoc|x86.Build.0 = Release|iPhoneSimulator
		{60704335-4B3D-47D9-8684-BBEE1AC8EE88}.AppStore|Any CPU.ActiveCfg = Release|iPhoneSimulator
		{60704335-4B3D-47D9-8684-BBEE1AC8EE88}.AppStore|Any CPU.Build.0 = Release|iPhoneSimulator
		{60704335-4B3D-47D9-8684-BBEE1AC8EE88}.AppStore|ARM.ActiveCfg = Release|iPhoneSimulator
		{60704335-4B3D-47D9-8684-BBEE1AC8EE88}.AppStore|ARM.Build.0 = Release|iPhoneSimulator
		{60704335-4B3D-47D9-8684-BBEE1AC8EE88}.AppStore|ARM64.ActiveCfg = Release|iPhoneSimulator
		{60704335-4B3D-47D9-8684-BBEE1AC8EE88}.AppStore|ARM64.Build.0 = Release|iPhoneSimulator
		{60704335-4B3D-47D9-8684-BBEE1AC8EE88}.AppStore|iPhone.ActiveCfg = Release|iPhoneSimulator
		{60704335-4B3D-47D9-8684-BBEE1AC8EE88}.AppStore|iPhone.Build.0 = Release|iPhoneSimulator
		{60704335-4B3D-47D9-8684-BBEE1AC8EE88}.AppStore|iPhoneSimulator.ActiveCfg = Release|iPhoneSimulator
		{60704335-4B3D-47D9-8684-BBEE1AC8EE88}.AppStore|iPhoneSimulator.Build.0 = Release|iPhoneSimulator
		{60704335-4B3D-47D9-8684-BBEE1AC8EE88}.AppStore|x64.ActiveCfg = Release|iPhoneSimulator
		{60704335-4B3D-47D9-8684-BBEE1AC8EE88}.AppStore|x64.Build.0 = Release|iPhoneSimulator
		{60704335-4B3D-47D9-8684-BBEE1AC8EE88}.AppStore|x86.ActiveCfg = Release|iPhoneSimulator
		{60704335-4B3D-47D9-8684-BBEE1AC8EE88}.AppStore|x86.Build.0 = Release|iPhoneSimulator
		{60704335-4B3D-47D9-8684-BBEE1AC8EE88}.Debug|Any CPU.ActiveCfg = Debug|iPhoneSimulator
		{60704335-4B3D-47D9-8684-BBEE1AC8EE88}.Debug|ARM.ActiveCfg = Debug|iPhoneSimulator
		{60704335-4B3D-47D9-8684-BBEE1AC8EE88}.Debug|ARM64.ActiveCfg = Debug|iPhoneSimulator
		{60704335-4B3D-47D9-8684-BBEE1AC8EE88}.Debug|iPhone.ActiveCfg = Debug|iPhoneSimulator
		{60704335-4B3D-47D9-8684-BBEE1AC8EE88}.Debug|iPhoneSimulator.ActiveCfg = Debug|iPhoneSimulator
		{60704335-4B3D-47D9-8684-BBEE1AC8EE88}.Debug|iPhoneSimulator.Build.0 = Debug|iPhoneSimulator
		{60704335-4B3D-47D9-8684-BBEE1AC8EE88}.Debug|x64.ActiveCfg = Debug|iPhoneSimulator
		{60704335-4B3D-47D9-8684-BBEE1AC8EE88}.Debug|x86.ActiveCfg = Debug|iPhoneSimulator
		{60704335-4B3D-47D9-8684-BBEE1AC8EE88}.Release|Any CPU.ActiveCfg = Release|iPhoneSimulator
		{60704335-4B3D-47D9-8684-BBEE1AC8EE88}.Release|ARM.ActiveCfg = Release|iPhoneSimulator
		{60704335-4B3D-47D9-8684-BBEE1AC8EE88}.Release|ARM64.ActiveCfg = Release|iPhoneSimulator
		{60704335-4B3D-47D9-8684-BBEE1AC8EE88}.Release|iPhone.ActiveCfg = Release|iPhoneSimulator
		{60704335-4B3D-47D9-8684-BBEE1AC8EE88}.Release|iPhoneSimulator.ActiveCfg = Release|iPhoneSimulator
		{60704335-4B3D-47D9-8684-BBEE1AC8EE88}.Release|iPhoneSimulator.Build.0 = Release|iPhoneSimulator
		{60704335-4B3D-47D9-8684-BBEE1AC8EE88}.Release|x64.ActiveCfg = Release|iPhoneSimulator
		{60704335-4B3D-47D9-8684-BBEE1AC8EE88}.Release|x86.ActiveCfg = Release|iPhoneSimulator
		{98CCBE56-376A-409D-93E6-6424337333A7}.Ad-Hoc|Any CPU.ActiveCfg = Debug|Any CPU
		{98CCBE56-376A-409D-93E6-6424337333A7}.Ad-Hoc|Any CPU.Build.0 = Debug|Any CPU
		{98CCBE56-376A-409D-93E6-6424337333A7}.Ad-Hoc|ARM.ActiveCfg = Debug|Any CPU
		{98CCBE56-376A-409D-93E6-6424337333A7}.Ad-Hoc|ARM.Build.0 = Debug|Any CPU
		{98CCBE56-376A-409D-93E6-6424337333A7}.Ad-Hoc|ARM64.ActiveCfg = Debug|Any CPU
		{98CCBE56-376A-409D-93E6-6424337333A7}.Ad-Hoc|ARM64.Build.0 = Debug|Any CPU
		{98CCBE56-376A-409D-93E6-6424337333A7}.Ad-Hoc|iPhone.ActiveCfg = Debug|Any CPU
		{98CCBE56-376A-409D-93E6-6424337333A7}.Ad-Hoc|iPhone.Build.0 = Debug|Any CPU
		{98CCBE56-376A-409D-93E6-6424337333A7}.Ad-Hoc|iPhoneSimulator.ActiveCfg = Debug|Any CPU
		{98CCBE56-376A-409D-93E6-6424337333A7}.Ad-Hoc|iPhoneSimulator.Build.0 = Debug|Any CPU
		{98CCBE56-376A-409D-93E6-6424337333A7}.Ad-Hoc|x64.ActiveCfg = Debug|Any CPU
		{98CCBE56-376A-409D-93E6-6424337333A7}.Ad-Hoc|x64.Build.0 = Debug|Any CPU
		{98CCBE56-376A-409D-93E6-6424337333A7}.Ad-Hoc|x86.ActiveCfg = Debug|Any CPU
		{98CCBE56-376A-409D-93E6-6424337333A7}.Ad-Hoc|x86.Build.0 = Debug|Any CPU
		{98CCBE56-376A-409D-93E6-6424337333A7}.AppStore|Any CPU.ActiveCfg = Debug|Any CPU
		{98CCBE56-376A-409D-93E6-6424337333A7}.AppStore|Any CPU.Build.0 = Debug|Any CPU
		{98CCBE56-376A-409D-93E6-6424337333A7}.AppStore|ARM.ActiveCfg = Debug|Any CPU
		{98CCBE56-376A-409D-93E6-6424337333A7}.AppStore|ARM.Build.0 = Debug|Any CPU
		{98CCBE56-376A-409D-93E6-6424337333A7}.AppStore|ARM64.ActiveCfg = Debug|Any CPU
		{98CCBE56-376A-409D-93E6-6424337333A7}.AppStore|ARM64.Build.0 = Debug|Any CPU
		{98CCBE56-376A-409D-93E6-6424337333A7}.AppStore|iPhone.ActiveCfg = Debug|Any CPU
		{98CCBE56-376A-409D-93E6-6424337333A7}.AppStore|iPhone.Build.0 = Debug|Any CPU
		{98CCBE56-376A-409D-93E6-6424337333A7}.AppStore|iPhoneSimulator.ActiveCfg = Debug|Any CPU
		{98CCBE56-376A-409D-93E6-6424337333A7}.AppStore|iPhoneSimulator.Build.0 = Debug|Any CPU
		{98CCBE56-376A-409D-93E6-6424337333A7}.AppStore|x64.ActiveCfg = Debug|Any CPU
		{98CCBE56-376A-409D-93E6-6424337333A7}.AppStore|x64.Build.0 = Debug|Any CPU
		{98CCBE56-376A-409D-93E6-6424337333A7}.AppStore|x86.ActiveCfg = Debug|Any CPU
		{98CCBE56-376A-409D-93E6-6424337333A7}.AppStore|x86.Build.0 = Debug|Any CPU
		{98CCBE56-376A-409D-93E6-6424337333A7}.Debug|Any CPU.ActiveCfg = Debug|Any CPU
		{98CCBE56-376A-409D-93E6-6424337333A7}.Debug|Any CPU.Build.0 = Debug|Any CPU
		{98CCBE56-376A-409D-93E6-6424337333A7}.Debug|ARM.ActiveCfg = Debug|Any CPU
		{98CCBE56-376A-409D-93E6-6424337333A7}.Debug|ARM.Build.0 = Debug|Any CPU
		{98CCBE56-376A-409D-93E6-6424337333A7}.Debug|ARM64.ActiveCfg = Debug|Any CPU
		{98CCBE56-376A-409D-93E6-6424337333A7}.Debug|ARM64.Build.0 = Debug|Any CPU
		{98CCBE56-376A-409D-93E6-6424337333A7}.Debug|iPhone.ActiveCfg = Debug|Any CPU
		{98CCBE56-376A-409D-93E6-6424337333A7}.Debug|iPhone.Build.0 = Debug|Any CPU
		{98CCBE56-376A-409D-93E6-6424337333A7}.Debug|iPhoneSimulator.ActiveCfg = Debug|Any CPU
		{98CCBE56-376A-409D-93E6-6424337333A7}.Debug|iPhoneSimulator.Build.0 = Debug|Any CPU
		{98CCBE56-376A-409D-93E6-6424337333A7}.Debug|x64.ActiveCfg = Debug|Any CPU
		{98CCBE56-376A-409D-93E6-6424337333A7}.Debug|x64.Build.0 = Debug|Any CPU
		{98CCBE56-376A-409D-93E6-6424337333A7}.Debug|x86.ActiveCfg = Debug|Any CPU
		{98CCBE56-376A-409D-93E6-6424337333A7}.Debug|x86.Build.0 = Debug|Any CPU
		{98CCBE56-376A-409D-93E6-6424337333A7}.Release|Any CPU.ActiveCfg = Release|Any CPU
		{98CCBE56-376A-409D-93E6-6424337333A7}.Release|Any CPU.Build.0 = Release|Any CPU
		{98CCBE56-376A-409D-93E6-6424337333A7}.Release|ARM.ActiveCfg = Release|Any CPU
		{98CCBE56-376A-409D-93E6-6424337333A7}.Release|ARM.Build.0 = Release|Any CPU
		{98CCBE56-376A-409D-93E6-6424337333A7}.Release|ARM64.ActiveCfg = Release|Any CPU
		{98CCBE56-376A-409D-93E6-6424337333A7}.Release|ARM64.Build.0 = Release|Any CPU
		{98CCBE56-376A-409D-93E6-6424337333A7}.Release|iPhone.ActiveCfg = Release|Any CPU
		{98CCBE56-376A-409D-93E6-6424337333A7}.Release|iPhone.Build.0 = Release|Any CPU
		{98CCBE56-376A-409D-93E6-6424337333A7}.Release|iPhoneSimulator.ActiveCfg = Release|Any CPU
		{98CCBE56-376A-409D-93E6-6424337333A7}.Release|iPhoneSimulator.Build.0 = Release|Any CPU
		{98CCBE56-376A-409D-93E6-6424337333A7}.Release|x64.ActiveCfg = Release|Any CPU
		{98CCBE56-376A-409D-93E6-6424337333A7}.Release|x64.Build.0 = Release|Any CPU
		{98CCBE56-376A-409D-93E6-6424337333A7}.Release|x86.ActiveCfg = Release|Any CPU
		{98CCBE56-376A-409D-93E6-6424337333A7}.Release|x86.Build.0 = Release|Any CPU
	EndGlobalSection
	GlobalSection(SolutionProperties) = preSolution
		HideSolutionNode = FALSE
	EndGlobalSection
	GlobalSection(ExtensibilityGlobals) = postSolution
		SolutionGuid = {B8683C54-9538-47DD-B824-53DA7518535A}
	EndGlobalSection
EndGlobal
