
Microsoft Visual Studio Solution File, Format Version 12.00
# Visual Studio Version 16
VisualStudioVersion = 16.0.30320.27
MinimumVisualStudioVersion = 10.0.40219.1
Project("{FAE04EC0-301F-11D3-BF4B-00C04F79EFBC}") = "MvvmSampleUwp", "MvvmSampleUwp\MvvmSampleUwp.csproj", "{E667FBF4-30F2-49AC-8576-7A2B867F8F1A}"
EndProject
Project("{9A19103F-16F7-4668-BE54-9A1E7A4F7556}") = "MvvmSample.Core", "MvvmSample.Core\MvvmSample.Core.csproj", "{28E524F7-61B3-455D-8CBD-615BC4FDE814}"
EndProject
Global
	GlobalSection(SolutionConfigurationPlatforms) = preSolution
		Debug|Any CPU = Debug|Any CPU
		Debug|ARM = Debug|ARM
		Debug|ARM64 = Debug|ARM64
		Debug|x64 = Debug|x64
		Debug|x86 = Debug|x86
		Release|Any CPU = Release|Any CPU
		Release|ARM = Release|ARM
		Release|ARM64 = Release|ARM64
		Release|x64 = Release|x64
		Release|x86 = Release|x86
	EndGlobalSection
	GlobalSection(ProjectConfigurationPlatforms) = postSolution
		{E667FBF4-30F2-49AC-8576-7A2B867F8F1A}.Debug|Any CPU.ActiveCfg = Debug|x86
		{E667FBF4-30F2-49AC-8576-7A2B867F8F1A}.Debug|Any CPU.Build.0 = Debug|x86
		{E667FBF4-30F2-49AC-8576-7A2B867F8F1A}.Debug|Any CPU.Deploy.0 = Debug|x86
		{E667FBF4-30F2-49AC-8576-7A2B867F8F1A}.Debug|ARM.ActiveCfg = Debug|ARM
		{E667FBF4-30F2-49AC-8576-7A2B867F8F1A}.Debug|ARM.Build.0 = Debug|ARM
		{E667FBF4-30F2-49AC-8576-7A2B867F8F1A}.Debug|ARM.Deploy.0 = Debug|ARM
		{E667FBF4-30F2-49AC-8576-7A2B867F8F1A}.Debug|ARM64.ActiveCfg = Debug|ARM64
		{E667FBF4-30F2-49AC-8576-7A2B867F8F1A}.Debug|ARM64.Build.0 = Debug|ARM64
		{E667FBF4-30F2-49AC-8576-7A2B867F8F1A}.Debug|ARM64.Deploy.0 = Debug|ARM64
		{E667FBF4-30F2-49AC-8576-7A2B867F8F1A}.Debug|x64.ActiveCfg = Debug|x64
		{E667FBF4-30F2-49AC-8576-7A2B867F8F1A}.Debug|x64.Build.0 = Debug|x64
		{E667FBF4-30F2-49AC-8576-7A2B867F8F1A}.Debug|x64.Deploy.0 = Debug|x64
		{E667FBF4-30F2-49AC-8576-7A2B867F8F1A}.Debug|x86.ActiveCfg = Debug|x86
		{E667FBF4-30F2-49AC-8576-7A2B867F8F1A}.Debug|x86.Build.0 = Debug|x86
		{E667FBF4-30F2-49AC-8576-7A2B867F8F1A}.Debug|x86.Deploy.0 = Debug|x86
		{E667FBF4-30F2-49AC-8576-7A2B867F8F1A}.Release|Any CPU.ActiveCfg = Release|x86
		{E667FBF4-30F2-49AC-8576-7A2B867F8F1A}.Release|ARM.ActiveCfg = Release|ARM
		{E667FBF4-30F2-49AC-8576-7A2B867F8F1A}.Release|ARM.Build.0 = Release|ARM
		{E667FBF4-30F2-49AC-8576-7A2B867F8F1A}.Release|ARM.Deploy.0 = Release|ARM
		{E667FBF4-30F2-49AC-8576-7A2B867F8F1A}.Release|ARM64.ActiveCfg = Release|ARM64
		{E667FBF4-30F2-49AC-8576-7A2B867F8F1A}.Release|ARM64.Build.0 = Release|ARM64
		{E667FBF4-30F2-49AC-8576-7A2B867F8F1A}.Release|ARM64.Deploy.0 = Release|ARM64
		{E667FBF4-30F2-49AC-8576-7A2B867F8F1A}.Release|x64.ActiveCfg = Release|x64
		{E667FBF4-30F2-49AC-8576-7A2B867F8F1A}.Release|x64.Build.0 = Release|x64
		{E667FBF4-30F2-49AC-8576-7A2B867F8F1A}.Release|x64.Deploy.0 = Release|x64
		{E667FBF4-30F2-49AC-8576-7A2B867F8F1A}.Release|x86.ActiveCfg = Release|x86
		{E667FBF4-30F2-49AC-8576-7A2B867F8F1A}.Release|x86.Build.0 = Release|x86
		{E667FBF4-30F2-49AC-8576-7A2B867F8F1A}.Release|x86.Deploy.0 = Release|x86
		{28E524F7-61B3-455D-8CBD-615BC4FDE814}.Debug|Any CPU.ActiveCfg = Debug|Any CPU
		{28E524F7-61B3-455D-8CBD-615BC4FDE814}.Debug|Any CPU.Build.0 = Debug|Any CPU
		{28E524F7-61B3-455D-8CBD-615BC4FDE814}.Debug|ARM.ActiveCfg = Debug|Any CPU
		{28E524F7-61B3-455D-8CBD-615BC4FDE814}.Debug|ARM.Build.0 = Debug|Any CPU
		{28E524F7-61B3-455D-8CBD-615BC4FDE814}.Debug|ARM64.ActiveCfg = Debug|Any CPU
		{28E524F7-61B3-455D-8CBD-615BC4FDE814}.Debug|ARM64.Build.0 = Debug|Any CPU
		{28E524F7-61B3-455D-8CBD-615BC4FDE814}.Debug|x64.ActiveCfg = Debug|Any CPU
		{28E524F7-61B3-455D-8CBD-615BC4FDE814}.Debug|x64.Build.0 = Debug|Any CPU
		{28E524F7-61B3-455D-8CBD-615BC4FDE814}.Debug|x86.ActiveCfg = Debug|Any CPU
		{28E524F7-61B3-455D-8CBD-615BC4FDE814}.Debug|x86.Build.0 = Debug|Any CPU
		{28E524F7-61B3-455D-8CBD-615BC4FDE814}.Release|Any CPU.ActiveCfg = Release|Any CPU
		{28E524F7-61B3-455D-8CBD-615BC4FDE814}.Release|Any CPU.Build.0 = Release|Any CPU
		{28E524F7-61B3-455D-8CBD-615BC4FDE814}.Release|ARM.ActiveCfg = Release|Any CPU
		{28E524F7-61B3-455D-8CBD-615BC4FDE814}.Release|ARM.Build.0 = Release|Any CPU
		{28E524F7-61B3-455D-8CBD-615BC4FDE814}.Release|ARM64.ActiveCfg = Release|Any CPU
		{28E524F7-61B3-455D-8CBD-615BC4FDE814}.Release|ARM64.Build.0 = Release|Any CPU
		{28E524F7-61B3-455D-8CBD-615BC4FDE814}.Release|x64.ActiveCfg = Release|Any CPU
		{28E524F7-61B3-455D-8CBD-615BC4FDE814}.Release|x64.Build.0 = Release|Any CPU
		{28E524F7-61B3-455D-8CBD-615BC4FDE814}.Release|x86.ActiveCfg = Release|Any CPU
		{28E524F7-61B3-455D-8CBD-615BC4FDE814}.Release|x86.Build.0 = Release|Any CPU
	EndGlobalSection
	GlobalSection(SolutionProperties) = preSolution
		HideSolutionNode = FALSE
	EndGlobalSection
	GlobalSection(ExtensibilityGlobals) = postSolution
		SolutionGuid = {707C727C-5ABD-4235-AEC4-3F2949BCA5DD}
	EndGlobalSection
EndGlobal
