
Microsoft Visual Studio Solution File, Format Version 12.00
# Visual Studio Version 16
VisualStudioVersion = 16.0.31004.235
MinimumVisualStudioVersion = 10.0.40219.1
Project("{C7167F0D-BC9F-4E6E-AFE1-012C56B48DB5}") = "MvvmSampleWinUI3Desktop (Package)", "MvvmSampleWinUI3Desktop\MvvmSampleWinUI3Desktop (Package)\MvvmSampleWinUI3Desktop (Package).wapproj", "{8E012FC5-B17A-4E98-A8CA-ED7571F9274E}"
EndProject
Project("{9A19103F-16F7-4668-BE54-9A1E7A4F7556}") = "MvvmSampleWinUI3Desktop", "MvvmSampleWinUI3Desktop\MvvmSampleWinUI3Desktop\MvvmSampleWinUI3Desktop.csproj", "{CB559D9F-B686-49EC-814C-FA7DC1912497}"
EndProject
Project("{9A19103F-16F7-4668-BE54-9A1E7A4F7556}") = "MvvmSample.Core", "MvvmSample.Core\MvvmSample.Core.csproj", "{4437A937-EB2A-4A46-9588-E2DF5E52D647}"
EndProject
Project("{FAE04EC0-301F-11D3-BF4B-00C04F79EFBC}") = "MvvmSampleUwp", "MvvmSampleUwp\MvvmSampleUwp.csproj", "{E667FBF4-30F2-49AC-8576-7A2B867F8F1A}"
EndProject
Global
	GlobalSection(SolutionConfigurationPlatforms) = preSolution
		Debug|Any CPU = Debug|Any CPU
		Debug|ARM = Debug|ARM
		Debug|arm64 = Debug|arm64
		Debug|x64 = Debug|x64
		Debug|x86 = Debug|x86
		Release|Any CPU = Release|Any CPU
		Release|ARM = Release|ARM
		Release|arm64 = Release|arm64
		Release|x64 = Release|x64
		Release|x86 = Release|x86
	EndGlobalSection
	GlobalSection(ProjectConfigurationPlatforms) = postSolution
		{8E012FC5-B17A-4E98-A8CA-ED7571F9274E}.Debug|Any CPU.ActiveCfg = Debug|x86
		{8E012FC5-B17A-4E98-A8CA-ED7571F9274E}.Debug|ARM.ActiveCfg = Debug|x86
		{8E012FC5-B17A-4E98-A8CA-ED7571F9274E}.Debug|arm64.ActiveCfg = Debug|arm64
		{8E012FC5-B17A-4E98-A8CA-ED7571F9274E}.Debug|arm64.Build.0 = Debug|arm64
		{8E012FC5-B17A-4E98-A8CA-ED7571F9274E}.Debug|arm64.Deploy.0 = Debug|arm64
		{8E012FC5-B17A-4E98-A8CA-ED7571F9274E}.Debug|x64.ActiveCfg = Debug|x64
		{8E012FC5-B17A-4E98-A8CA-ED7571F9274E}.Debug|x64.Build.0 = Debug|x64
		{8E012FC5-B17A-4E98-A8CA-ED7571F9274E}.Debug|x64.Deploy.0 = Debug|x64
		{8E012FC5-B17A-4E98-A8CA-ED7571F9274E}.Debug|x86.ActiveCfg = Debug|x86
		{8E012FC5-B17A-4E98-A8CA-ED7571F9274E}.Debug|x86.Build.0 = Debug|x86
		{8E012FC5-B17A-4E98-A8CA-ED7571F9274E}.Debug|x86.Deploy.0 = Debug|x86
		{8E012FC5-B17A-4E98-A8CA-ED7571F9274E}.Release|Any CPU.ActiveCfg = Release|x86
		{8E012FC5-B17A-4E98-A8CA-ED7571F9274E}.Release|ARM.ActiveCfg = Release|x86
		{8E012FC5-B17A-4E98-A8CA-ED7571F9274E}.Release|arm64.ActiveCfg = Release|arm64
		{8E012FC5-B17A-4E98-A8CA-ED7571F9274E}.Release|arm64.Build.0 = Release|arm64
		{8E012FC5-B17A-4E98-A8CA-ED7571F9274E}.Release|arm64.Deploy.0 = Release|arm64
		{8E012FC5-B17A-4E98-A8CA-ED7571F9274E}.Release|x64.ActiveCfg = Release|x64
		{8E012FC5-B17A-4E98-A8CA-ED7571F9274E}.Release|x64.Build.0 = Release|x64
		{8E012FC5-B17A-4E98-A8CA-ED7571F9274E}.Release|x64.Deploy.0 = Release|x64
		{8E012FC5-B17A-4E98-A8CA-ED7571F9274E}.Release|x86.ActiveCfg = Release|x86
		{8E012FC5-B17A-4E98-A8CA-ED7571F9274E}.Release|x86.Build.0 = Release|x86
		{8E012FC5-B17A-4E98-A8CA-ED7571F9274E}.Release|x86.Deploy.0 = Release|x86
		{CB559D9F-B686-49EC-814C-FA7DC1912497}.Debug|Any CPU.ActiveCfg = Debug|x86
		{CB559D9F-B686-49EC-814C-FA7DC1912497}.Debug|ARM.ActiveCfg = Debug|x86
		{CB559D9F-B686-49EC-814C-FA7DC1912497}.Debug|arm64.ActiveCfg = Debug|arm64
		{CB559D9F-B686-49EC-814C-FA7DC1912497}.Debug|arm64.Build.0 = Debug|arm64
		{CB559D9F-B686-49EC-814C-FA7DC1912497}.Debug|x64.ActiveCfg = Debug|x64
		{CB559D9F-B686-49EC-814C-FA7DC1912497}.Debug|x64.Build.0 = Debug|x64
		{CB559D9F-B686-49EC-814C-FA7DC1912497}.Debug|x86.ActiveCfg = Debug|x86
		{CB559D9F-B686-49EC-814C-FA7DC1912497}.Debug|x86.Build.0 = Debug|x86
		{CB559D9F-B686-49EC-814C-FA7DC1912497}.Release|Any CPU.ActiveCfg = Release|x86
		{CB559D9F-B686-49EC-814C-FA7DC1912497}.Release|ARM.ActiveCfg = Release|x86
		{CB559D9F-B686-49EC-814C-FA7DC1912497}.Release|arm64.ActiveCfg = Release|arm64
		{CB559D9F-B686-49EC-814C-FA7DC1912497}.Release|arm64.Build.0 = Release|arm64
		{CB559D9F-B686-49EC-814C-FA7DC1912497}.Release|x64.ActiveCfg = Release|x64
		{CB559D9F-B686-49EC-814C-FA7DC1912497}.Release|x64.Build.0 = Release|x64
		{CB559D9F-B686-49EC-814C-FA7DC1912497}.Release|x86.ActiveCfg = Release|x86
		{CB559D9F-B686-49EC-814C-FA7DC1912497}.Release|x86.Build.0 = Release|x86
		{4437A937-EB2A-4A46-9588-E2DF5E52D647}.Debug|Any CPU.ActiveCfg = Debug|Any CPU
		{4437A937-EB2A-4A46-9588-E2DF5E52D647}.Debug|Any CPU.Build.0 = Debug|Any CPU
		{4437A937-EB2A-4A46-9588-E2DF5E52D647}.Debug|ARM.ActiveCfg = Debug|Any CPU
		{4437A937-EB2A-4A46-9588-E2DF5E52D647}.Debug|ARM.Build.0 = Debug|Any CPU
		{4437A937-EB2A-4A46-9588-E2DF5E52D647}.Debug|arm64.ActiveCfg = Debug|Any CPU
		{4437A937-EB2A-4A46-9588-E2DF5E52D647}.Debug|arm64.Build.0 = Debug|Any CPU
		{4437A937-EB2A-4A46-9588-E2DF5E52D647}.Debug|x64.ActiveCfg = Debug|Any CPU
		{4437A937-EB2A-4A46-9588-E2DF5E52D647}.Debug|x64.Build.0 = Debug|Any CPU
		{4437A937-EB2A-4A46-9588-E2DF5E52D647}.Debug|x86.ActiveCfg = Debug|Any CPU
		{4437A937-EB2A-4A46-9588-E2DF5E52D647}.Debug|x86.Build.0 = Debug|Any CPU
		{4437A937-EB2A-4A46-9588-E2DF5E52D647}.Release|Any CPU.ActiveCfg = Release|Any CPU
		{4437A937-EB2A-4A46-9588-E2DF5E52D647}.Release|Any CPU.Build.0 = Release|Any CPU
		{4437A937-EB2A-4A46-9588-E2DF5E52D647}.Release|ARM.ActiveCfg = Release|Any CPU
		{4437A937-EB2A-4A46-9588-E2DF5E52D647}.Release|ARM.Build.0 = Release|Any CPU
		{4437A937-EB2A-4A46-9588-E2DF5E52D647}.Release|arm64.ActiveCfg = Release|Any CPU
		{4437A937-EB2A-4A46-9588-E2DF5E52D647}.Release|arm64.Build.0 = Release|Any CPU
		{4437A937-EB2A-4A46-9588-E2DF5E52D647}.Release|x64.ActiveCfg = Release|Any CPU
		{4437A937-EB2A-4A46-9588-E2DF5E52D647}.Release|x64.Build.0 = Release|Any CPU
		{4437A937-EB2A-4A46-9588-E2DF5E52D647}.Release|x86.ActiveCfg = Release|Any CPU
		{4437A937-EB2A-4A46-9588-E2DF5E52D647}.Release|x86.Build.0 = Release|Any CPU
		{E667FBF4-30F2-49AC-8576-7A2B867F8F1A}.Debug|Any CPU.ActiveCfg = Debug|x86
		{E667FBF4-30F2-49AC-8576-7A2B867F8F1A}.Debug|ARM.ActiveCfg = Debug|ARM
		{E667FBF4-30F2-49AC-8576-7A2B867F8F1A}.Debug|ARM.Build.0 = Debug|ARM
		{E667FBF4-30F2-49AC-8576-7A2B867F8F1A}.Debug|ARM.Deploy.0 = Debug|ARM
		{E667FBF4-30F2-49AC-8576-7A2B867F8F1A}.Debug|arm64.ActiveCfg = Debug|ARM64
		{E667FBF4-30F2-49AC-8576-7A2B867F8F1A}.Debug|arm64.Build.0 = Debug|ARM64
		{E667FBF4-30F2-49AC-8576-7A2B867F8F1A}.Debug|arm64.Deploy.0 = Debug|ARM64
		{E667FBF4-30F2-49AC-8576-7A2B867F8F1A}.Debug|x64.ActiveCfg = Debug|x64
		{E667FBF4-30F2-49AC-8576-7A2B867F8F1A}.Debug|x64.Build.0 = Debug|x64
		{E667FBF4-30F2-49AC-8576-7A2B867F8F1A}.Debug|x64.Deploy.0 = Debug|x64
		{E667FBF4-30F2-49AC-8576-7A2B867F8F1A}.Debug|x86.ActiveCfg = Debug|x86
		{E667FBF4-30F2-49AC-8576-7A2B867F8F1A}.Debug|x86.Build.0 = Debug|x86
		{E667FBF4-30F2-49AC-8576-7A2B867F8F1A}.Debug|x86.Deploy.0 = Debug|x86
		{E667FBF4-30F2-49AC-8576-7A2B867F8F1A}.Release|Any CPU.ActiveCfg = Release|x86
		{E667FBF4-30F2-49AC-8576-7A2B867F8F1A}.Release|ARM.ActiveCfg = Release|ARM
		{E667FBF4-30F2-49AC-8576-7A2B867F8F1A}.Release|ARM.Build.0 = Release|ARM
		{E667FBF4-30F2-49AC-8576-7A2B867F8F1A}.Release|ARM.Deploy.0 = Release|ARM
		{E667FBF4-30F2-49AC-8576-7A2B867F8F1A}.Release|arm64.ActiveCfg = Release|ARM64
		{E667FBF4-30F2-49AC-8576-7A2B867F8F1A}.Release|arm64.Build.0 = Release|ARM64
		{E667FBF4-30F2-49AC-8576-7A2B867F8F1A}.Release|arm64.Deploy.0 = Release|ARM64
		{E667FBF4-30F2-49AC-8576-7A2B867F8F1A}.Release|x64.ActiveCfg = Release|x64
		{E667FBF4-30F2-49AC-8576-7A2B867F8F1A}.Release|x64.Build.0 = Release|x64
		{E667FBF4-30F2-49AC-8576-7A2B867F8F1A}.Release|x64.Deploy.0 = Release|x64
		{E667FBF4-30F2-49AC-8576-7A2B867F8F1A}.Release|x86.ActiveCfg = Release|x86
		{E667FBF4-30F2-49AC-8576-7A2B867F8F1A}.Release|x86.Build.0 = Release|x86
		{E667FBF4-30F2-49AC-8576-7A2B867F8F1A}.Release|x86.Deploy.0 = Release|x86
	EndGlobalSection
	GlobalSection(SolutionProperties) = preSolution
		HideSolutionNode = FALSE
	EndGlobalSection
	GlobalSection(ExtensibilityGlobals) = postSolution
		SolutionGuid = {C9D13338-F430-461C-B906-F31D95512E65}
	EndGlobalSection
EndGlobal
